{
  "name": "Vue",
  "lockfileVersion": 2,
  "requires": true,
  "packages": {
    "": {
      "dependencies": {
        "vue-resource": "^1.0.3"
      }
    },
    "node_modules/vue-resource": {
      "version": "1.0.3",
      "resolved": "https://registry.npmjs.org/vue-resource/-/vue-resource-1.0.3.tgz",
      "integrity": "sha1-jVLQ2KntXyrnBMaNUwyEzq+XvhQ="
    }
  },
  "dependencies": {
    "vue-resource": {
      "version": "1.0.3",
      "resolved": "https://registry.npmjs.org/vue-resource/-/vue-resource-1.0.3.tgz",
      "integrity": "sha1-jVLQ2KntXyrnBMaNUwyEzq+XvhQ="
    }
  }
}
